// !$*UTF8*$!
{
	archiveVersion = 1;
	classes = {
	};
	objectVersion = 46;
	objects = {

/* Begin PBXBuildFile section */
		382B0B6E1E99D32000CE1BD7 /* AuthenticationError.swift in Sources */ = {isa = PBXBuildFile; fileRef = 382B0B6D1E99D32000CE1BD7 /* AuthenticationError.swift */; };
		382D515D1E9DE07300F5942C /* UserMapper.swift in Sources */ = {isa = PBXBuildFile; fileRef = 382D515C1E9DE07300F5942C /* UserMapper.swift */; };
		383B4C991E9574BA00917BBA /* AppDelegate.swift in Sources */ = {isa = PBXBuildFile; fileRef = 383B4C981E9574BA00917BBA /* AppDelegate.swift */; };
		383B4C9B1E9574BA00917BBA /* HomeViewController.swift in Sources */ = {isa = PBXBuildFile; fileRef = 383B4C9A1E9574BA00917BBA /* HomeViewController.swift */; };
		383B4CA01E9574BA00917BBA /* Assets.xcassets in Resources */ = {isa = PBXBuildFile; fileRef = 383B4C9F1E9574BA00917BBA /* Assets.xcassets */; };
		383B4CAE1E9574BA00917BBA /* SwiftTabBarControllerTutorialTests.swift in Sources */ = {isa = PBXBuildFile; fileRef = 383B4CAD1E9574BA00917BBA /* SwiftTabBarControllerTutorialTests.swift */; };
		383B4CB91E9574BA00917BBA /* SwiftTabBarControllerTutorialUITests.swift in Sources */ = {isa = PBXBuildFile; fileRef = 383B4CB81E9574BA00917BBA /* SwiftTabBarControllerTutorialUITests.swift */; };
		388E7B171E9747C500792BCE /* Localizable.strings in Resources */ = {isa = PBXBuildFile; fileRef = 388E7B191E9747C500792BCE /* Localizable.strings */; };
		38B6CC171E9EA80C00A57B5B /* FirebaseAuthenticationGateway.swift in Sources */ = {isa = PBXBuildFile; fileRef = 38B6CC161E9EA80C00A57B5B /* FirebaseAuthenticationGateway.swift */; };
		38F4A9611E9DCCBB002B84B9 /* AuthenticationGateway.swift in Sources */ = {isa = PBXBuildFile; fileRef = 38F4A9601E9DCCBB002B84B9 /* AuthenticationGateway.swift */; };
		38F4A9641E9DCDB4002B84B9 /* Result.swift in Sources */ = {isa = PBXBuildFile; fileRef = 38F4A9631E9DCDB4002B84B9 /* Result.swift */; };
		38F4A9661E9DD0A6002B84B9 /* User.swift in Sources */ = {isa = PBXBuildFile; fileRef = 38F4A9651E9DD0A6002B84B9 /* User.swift */; };
		38F4A96C1E9DD439002B84B9 /* FirebaseUserMapper.swift in Sources */ = {isa = PBXBuildFile; fileRef = 38F4A96B1E9DD439002B84B9 /* FirebaseUserMapper.swift */; };
		3D83E16B506ECB97AF2FBBFE /* Pods_SwiftTabBarControllerTutorialUITests.framework in Frameworks */ = {isa = PBXBuildFile; fileRef = 79916BDB3B32343D35F2A0DC /* Pods_SwiftTabBarControllerTutorialUITests.framework */; };
		4032C7DE24C585DB1BDDF204 /* Pods_SwiftTabBarControllerTutorialTests.framework in Frameworks */ = {isa = PBXBuildFile; fileRef = 055539C9482EB08D4565297C /* Pods_SwiftTabBarControllerTutorialTests.framework */; };
		C479D5D91E251C525D1B8454 /* Pods_SwiftTabBarControllerTutorial.framework in Frameworks */ = {isa = PBXBuildFile; fileRef = 5C423A91E6AE7F45AF65B779 /* Pods_SwiftTabBarControllerTutorial.framework */; };
/* End PBXBuildFile section */

/* Begin PBXContainerItemProxy section */
		383B4CAA1E9574BA00917BBA /* PBXContainerItemProxy */ = {
			isa = PBXContainerItemProxy;
			containerPortal = 383B4C8D1E9574BA00917BBA /* Project object */;
			proxyType = 1;
			remoteGlobalIDString = 383B4C941E9574BA00917BBA;
			remoteInfo = SwiftTabBarControllerTutorial;
		};
		383B4CB51E9574BA00917BBA /* PBXContainerItemProxy */ = {
			isa = PBXContainerItemProxy;
			containerPortal = 383B4C8D1E9574BA00917BBA /* Project object */;
			proxyType = 1;
			remoteGlobalIDString = 383B4C941E9574BA00917BBA;
			remoteInfo = SwiftTabBarControllerTutorial;
		};
/* End PBXContainerItemProxy section */

/* Begin PBXFileReference section */
		055539C9482EB08D4565297C /* Pods_SwiftTabBarControllerTutorialTests.framework */ = {isa = PBXFileReference; explicitFileType = wrapper.framework; includeInIndex = 0; path = Pods_SwiftTabBarControllerTutorialTests.framework; sourceTree = BUILT_PRODUCTS_DIR; };
		382B0B6D1E99D32000CE1BD7 /* AuthenticationError.swift */ = {isa = PBXFileReference; fileEncoding = 4; lastKnownFileType = sourcecode.swift; path = AuthenticationError.swift; sourceTree = "<group>"; };
		382D515C1E9DE07300F5942C /* UserMapper.swift */ = {isa = PBXFileReference; fileEncoding = 4; lastKnownFileType = sourcecode.swift; path = UserMapper.swift; sourceTree = "<group>"; };
		383B4C951E9574BA00917BBA /* SwiftTabBarControllerTutorial.app */ = {isa = PBXFileReference; explicitFileType = wrapper.application; includeInIndex = 0; path = SwiftTabBarControllerTutorial.app; sourceTree = BUILT_PRODUCTS_DIR; };
		383B4C981E9574BA00917BBA /* AppDelegate.swift */ = {isa = PBXFileReference; lastKnownFileType = sourcecode.swift; path = AppDelegate.swift; sourceTree = "<group>"; };
		383B4C9A1E9574BA00917BBA /* HomeViewController.swift */ = {isa = PBXFileReference; lastKnownFileType = sourcecode.swift; path = HomeViewController.swift; sourceTree = "<group>"; };
		383B4C9F1E9574BA00917BBA /* Assets.xcassets */ = {isa = PBXFileReference; lastKnownFileType = folder.assetcatalog; path = Assets.xcassets; sourceTree = "<group>"; };
		383B4CA41E9574BA00917BBA /* Info.plist */ = {isa = PBXFileReference; lastKnownFileType = text.plist.xml; path = Info.plist; sourceTree = "<group>"; };
		383B4CA91E9574BA00917BBA /* SwiftTabBarControllerTutorialTests.xctest */ = {isa = PBXFileReference; explicitFileType = wrapper.cfbundle; includeInIndex = 0; path = SwiftTabBarControllerTutorialTests.xctest; sourceTree = BUILT_PRODUCTS_DIR; };
		383B4CAD1E9574BA00917BBA /* SwiftTabBarControllerTutorialTests.swift */ = {isa = PBXFileReference; lastKnownFileType = sourcecode.swift; path = SwiftTabBarControllerTutorialTests.swift; sourceTree = "<group>"; };
		383B4CAF1E9574BA00917BBA /* Info.plist */ = {isa = PBXFileReference; lastKnownFileType = text.plist.xml; path = Info.plist; sourceTree = "<group>"; };
		383B4CB41E9574BA00917BBA /* SwiftTabBarControllerTutorialUITests.xctest */ = {isa = PBXFileReference; explicitFileType = wrapper.cfbundle; includeInIndex = 0; path = SwiftTabBarControllerTutorialUITests.xctest; sourceTree = BUILT_PRODUCTS_DIR; };
		383B4CB81E9574BA00917BBA /* SwiftTabBarControllerTutorialUITests.swift */ = {isa = PBXFileReference; lastKnownFileType = sourcecode.swift; path = SwiftTabBarControllerTutorialUITests.swift; sourceTree = "<group>"; };
		383B4CBA1E9574BA00917BBA /* Info.plist */ = {isa = PBXFileReference; lastKnownFileType = text.plist.xml; path = Info.plist; sourceTree = "<group>"; };
		388E7B181E9747C500792BCE /* Base */ = {isa = PBXFileReference; lastKnownFileType = text.plist.strings; name = Base; path = Base.lproj/Localizable.strings; sourceTree = "<group>"; };
		38B6CC161E9EA80C00A57B5B /* FirebaseAuthenticationGateway.swift */ = {isa = PBXFileReference; fileEncoding = 4; lastKnownFileType = sourcecode.swift; path = FirebaseAuthenticationGateway.swift; sourceTree = "<group>"; };
		38F4A9601E9DCCBB002B84B9 /* AuthenticationGateway.swift */ = {isa = PBXFileReference; fileEncoding = 4; lastKnownFileType = sourcecode.swift; path = AuthenticationGateway.swift; sourceTree = "<group>"; };
		38F4A9631E9DCDB4002B84B9 /* Result.swift */ = {isa = PBXFileReference; fileEncoding = 4; lastKnownFileType = sourcecode.swift; path = Result.swift; sourceTree = "<group>"; };
		38F4A9651E9DD0A6002B84B9 /* User.swift */ = {isa = PBXFileReference; fileEncoding = 4; lastKnownFileType = sourcecode.swift; path = User.swift; sourceTree = "<group>"; };
		38F4A96B1E9DD439002B84B9 /* FirebaseUserMapper.swift */ = {isa = PBXFileReference; fileEncoding = 4; lastKnownFileType = sourcecode.swift; path = FirebaseUserMapper.swift; sourceTree = "<group>"; };
		5C423A91E6AE7F45AF65B779 /* Pods_SwiftTabBarControllerTutorial.framework */ = {isa = PBXFileReference; explicitFileType = wrapper.framework; includeInIndex = 0; path = Pods_SwiftTabBarControllerTutorial.framework; sourceTree = BUILT_PRODUCTS_DIR; };
		5E9F15A5302FCDAB4757B4FA /* Pods-SwiftTabBarControllerTutorialTests.release.xcconfig */ = {isa = PBXFileReference; includeInIndex = 1; lastKnownFileType = text.xcconfig; name = "Pods-SwiftTabBarControllerTutorialTests.release.xcconfig"; path = "Pods/Target Support Files/Pods-SwiftTabBarControllerTutorialTests/Pods-SwiftTabBarControllerTutorialTests.release.xcconfig"; sourceTree = "<group>"; };
		79916BDB3B32343D35F2A0DC /* Pods_SwiftTabBarControllerTutorialUITests.framework */ = {isa = PBXFileReference; explicitFileType = wrapper.framework; includeInIndex = 0; path = Pods_SwiftTabBarControllerTutorialUITests.framework; sourceTree = BUILT_PRODUCTS_DIR; };
		8AC8E3D9AF9EB10AA514F618 /* Pods-SwiftTabBarControllerTutorial.release.xcconfig */ = {isa = PBXFileReference; includeInIndex = 1; lastKnownFileType = text.xcconfig; name = "Pods-SwiftTabBarControllerTutorial.release.xcconfig"; path = "Pods/Target Support Files/Pods-SwiftTabBarControllerTutorial/Pods-SwiftTabBarControllerTutorial.release.xcconfig"; sourceTree = "<group>"; };
		A16EFBFA22293F331C86C974 /* Pods-SwiftTabBarControllerTutorialUITests.release.xcconfig */ = {isa = PBXFileReference; includeInIndex = 1; lastKnownFileType = text.xcconfig; name = "Pods-SwiftTabBarControllerTutorialUITests.release.xcconfig"; path = "Pods/Target Support Files/Pods-SwiftTabBarControllerTutorialUITests/Pods-SwiftTabBarControllerTutorialUITests.release.xcconfig"; sourceTree = "<group>"; };
		C804214668A2357C5EF7D4D0 /* Pods-SwiftTabBarControllerTutorial.debug.xcconfig */ = {isa = PBXFileReference; includeInIndex = 1; lastKnownFileType = text.xcconfig; name = "Pods-SwiftTabBarControllerTutorial.debug.xcconfig"; path = "Pods/Target Support Files/Pods-SwiftTabBarControllerTutorial/Pods-SwiftTabBarControllerTutorial.debug.xcconfig"; sourceTree = "<group>"; };
		E9E413F6F214AEE10E5AEA7A /* Pods-SwiftTabBarControllerTutorialUITests.debug.xcconfig */ = {isa = PBXFileReference; includeInIndex = 1; lastKnownFileType = text.xcconfig; name = "Pods-SwiftTabBarControllerTutorialUITests.debug.xcconfig"; path = "Pods/Target Support Files/Pods-SwiftTabBarControllerTutorialUITests/Pods-SwiftTabBarControllerTutorialUITests.debug.xcconfig"; sourceTree = "<group>"; };
		EC83511A278B816BA970CCFE /* Pods-SwiftTabBarControllerTutorialTests.debug.xcconfig */ = {isa = PBXFileReference; includeInIndex = 1; lastKnownFileType = text.xcconfig; name = "Pods-SwiftTabBarControllerTutorialTests.debug.xcconfig"; path = "Pods/Target Support Files/Pods-SwiftTabBarControllerTutorialTests/Pods-SwiftTabBarControllerTutorialTests.debug.xcconfig"; sourceTree = "<group>"; };
/* End PBXFileReference section */

/* Begin PBXFrameworksBuildPhase section */
		383B4C921E9574BA00917BBA /* Frameworks */ = {
			isa = PBXFrameworksBuildPhase;
			buildActionMask = 2147483647;
			files = (
				C479D5D91E251C525D1B8454 /* Pods_SwiftTabBarControllerTutorial.framework in Frameworks */,
			);
			runOnlyForDeploymentPostprocessing = 0;
		};
		383B4CA61E9574BA00917BBA /* Frameworks */ = {
			isa = PBXFrameworksBuildPhase;
			buildActionMask = 2147483647;
			files = (
				4032C7DE24C585DB1BDDF204 /* Pods_SwiftTabBarControllerTutorialTests.framework in Frameworks */,
			);
			runOnlyForDeploymentPostprocessing = 0;
		};
		383B4CB11E9574BA00917BBA /* Frameworks */ = {
			isa = PBXFrameworksBuildPhase;
			buildActionMask = 2147483647;
			files = (
				3D83E16B506ECB97AF2FBBFE /* Pods_SwiftTabBarControllerTutorialUITests.framework in Frameworks */,
			);
			runOnlyForDeploymentPostprocessing = 0;
		};
/* End PBXFrameworksBuildPhase section */

/* Begin PBXGroup section */
		1B4AAAA26804B6377FB0D8BF /* Pods */ = {
			isa = PBXGroup;
			children = (
				C804214668A2357C5EF7D4D0 /* Pods-SwiftTabBarControllerTutorial.debug.xcconfig */,
				8AC8E3D9AF9EB10AA514F618 /* Pods-SwiftTabBarControllerTutorial.release.xcconfig */,
				EC83511A278B816BA970CCFE /* Pods-SwiftTabBarControllerTutorialTests.debug.xcconfig */,
				5E9F15A5302FCDAB4757B4FA /* Pods-SwiftTabBarControllerTutorialTests.release.xcconfig */,
				E9E413F6F214AEE10E5AEA7A /* Pods-SwiftTabBarControllerTutorialUITests.debug.xcconfig */,
				A16EFBFA22293F331C86C974 /* Pods-SwiftTabBarControllerTutorialUITests.release.xcconfig */,
			);
			name = Pods;
			sourceTree = "<group>";
		};
		382B0B6A1E99D2F100CE1BD7 /* Authentication */ = {
			isa = PBXGroup;
			children = (
				382B0B6B1E99D2F100CE1BD7 /* Entities */,
				382B0B6C1E99D2F100CE1BD7 /* Gateways */,
				38DA10521E9B39F7007684BA /* Mappers */,
			);
			path = Authentication;
			sourceTree = "<group>";
		};
		382B0B6B1E99D2F100CE1BD7 /* Entities */ = {
			isa = PBXGroup;
			children = (
				382B0B6D1E99D32000CE1BD7 /* AuthenticationError.swift */,
				38F4A9651E9DD0A6002B84B9 /* User.swift */,
			);
			path = Entities;
			sourceTree = "<group>";
		};
		382B0B6C1E99D2F100CE1BD7 /* Gateways */ = {
			isa = PBXGroup;
			children = (
				38F4A9601E9DCCBB002B84B9 /* AuthenticationGateway.swift */,
			);
			path = Gateways;
			sourceTree = "<group>";
		};
		383B4C8C1E9574BA00917BBA = {
			isa = PBXGroup;
			children = (
				383B4C971E9574BA00917BBA /* SwiftTabBarControllerTutorial */,
				383B4CAC1E9574BA00917BBA /* SwiftTabBarControllerTutorialTests */,
				383B4CB71E9574BA00917BBA /* SwiftTabBarControllerTutorialUITests */,
				383B4C961E9574BA00917BBA /* Products */,
				1B4AAAA26804B6377FB0D8BF /* Pods */,
				E8480A8DE68D085A0646157E /* Frameworks */,
			);
			sourceTree = "<group>";
		};
		383B4C961E9574BA00917BBA /* Products */ = {
			isa = PBXGroup;
			children = (
				383B4C951E9574BA00917BBA /* SwiftTabBarControllerTutorial.app */,
				383B4CA91E9574BA00917BBA /* SwiftTabBarControllerTutorialTests.xctest */,
				383B4CB41E9574BA00917BBA /* SwiftTabBarControllerTutorialUITests.xctest */,
			);
			name = Products;
			sourceTree = "<group>";
		};
		383B4C971E9574BA00917BBA /* SwiftTabBarControllerTutorial */ = {
			isa = PBXGroup;
			children = (
				382B0B6A1E99D2F100CE1BD7 /* Authentication */,
				38F4A9621E9DCD99002B84B9 /* Common */,
				38F4A9691E9DD36D002B84B9 /* Providers */,
				383B4C981E9574BA00917BBA /* AppDelegate.swift */,
				383B4C9F1E9574BA00917BBA /* Assets.xcassets */,
				383B4C9A1E9574BA00917BBA /* HomeViewController.swift */,
				383B4CA41E9574BA00917BBA /* Info.plist */,
				388E7B191E9747C500792BCE /* Localizable.strings */,
			);
			path = SwiftTabBarControllerTutorial;
			sourceTree = "<group>";
		};
		383B4CAC1E9574BA00917BBA /* SwiftTabBarControllerTutorialTests */ = {
			isa = PBXGroup;
			children = (
				383B4CAD1E9574BA00917BBA /* SwiftTabBarControllerTutorialTests.swift */,
				383B4CAF1E9574BA00917BBA /* Info.plist */,
			);
			path = SwiftTabBarControllerTutorialTests;
			sourceTree = "<group>";
		};
		383B4CB71E9574BA00917BBA /* SwiftTabBarControllerTutorialUITests */ = {
			isa = PBXGroup;
			children = (
				383B4CB81E9574BA00917BBA /* SwiftTabBarControllerTutorialUITests.swift */,
				383B4CBA1E9574BA00917BBA /* Info.plist */,
			);
			path = SwiftTabBarControllerTutorialUITests;
			sourceTree = "<group>";
		};
		38DA10521E9B39F7007684BA /* Mappers */ = {
			isa = PBXGroup;
			children = (
				382D515C1E9DE07300F5942C /* UserMapper.swift */,
			);
			path = Mappers;
			sourceTree = "<group>";
		};
		38F4A9621E9DCD99002B84B9 /* Common */ = {
			isa = PBXGroup;
			children = (
				38F4A9631E9DCDB4002B84B9 /* Result.swift */,
			);
			path = Common;
			sourceTree = "<group>";
		};
		38F4A9691E9DD36D002B84B9 /* Providers */ = {
			isa = PBXGroup;
			children = (
				38F4A96A1E9DD3C7002B84B9 /* Firebase */,
			);
			path = Providers;
			sourceTree = "<group>";
		};
		38F4A96A1E9DD3C7002B84B9 /* Firebase */ = {
			isa = PBXGroup;
			children = (
				38F4A96B1E9DD439002B84B9 /* FirebaseUserMapper.swift */,
				38B6CC161E9EA80C00A57B5B /* FirebaseAuthenticationGateway.swift */,
			);
			path = Firebase;
			sourceTree = "<group>";
		};
		E8480A8DE68D085A0646157E /* Frameworks */ = {
			isa = PBXGroup;
			children = (
				5C423A91E6AE7F45AF65B779 /* Pods_SwiftTabBarControllerTutorial.framework */,
				055539C9482EB08D4565297C /* Pods_SwiftTabBarControllerTutorialTests.framework */,
				79916BDB3B32343D35F2A0DC /* Pods_SwiftTabBarControllerTutorialUITests.framework */,
			);
			name = Frameworks;
			sourceTree = "<group>";
		};
/* End PBXGroup section */

/* Begin PBXNativeTarget section */
		383B4C941E9574BA00917BBA /* SwiftTabBarControllerTutorial */ = {
			isa = PBXNativeTarget;
			buildConfigurationList = 383B4CBD1E9574BA00917BBA /* Build configuration list for PBXNativeTarget "SwiftTabBarControllerTutorial" */;
			buildPhases = (
				B9B0E1E36E1AC415D166F944 /* [CP] Check Pods Manifest.lock */,
				383B4C911E9574BA00917BBA /* Sources */,
				383B4C921E9574BA00917BBA /* Frameworks */,
				383B4C931E9574BA00917BBA /* Resources */,
				14F696A451A6B820A0F3D1DB /* [CP] Embed Pods Frameworks */,
				A02ED27D6E97F8EDB1735512 /* [CP] Copy Pods Resources */,
			);
			buildRules = (
			);
			dependencies = (
			);
			name = SwiftTabBarControllerTutorial;
			productName = SwiftTabBarControllerTutorial;
			productReference = 383B4C951E9574BA00917BBA /* SwiftTabBarControllerTutorial.app */;
			productType = "com.apple.product-type.application";
		};
		383B4CA81E9574BA00917BBA /* SwiftTabBarControllerTutorialTests */ = {
			isa = PBXNativeTarget;
			buildConfigurationList = 383B4CC01E9574BA00917BBA /* Build configuration list for PBXNativeTarget "SwiftTabBarControllerTutorialTests" */;
			buildPhases = (
				E919B724062415FFB06AF5C9 /* [CP] Check Pods Manifest.lock */,
				383B4CA51E9574BA00917BBA /* Sources */,
				383B4CA61E9574BA00917BBA /* Frameworks */,
				383B4CA71E9574BA00917BBA /* Resources */,
				54FF961E726B757902FDEBBE /* [CP] Embed Pods Frameworks */,
				3F7EE8FF387F617A94776B41 /* [CP] Copy Pods Resources */,
			);
			buildRules = (
			);
			dependencies = (
				383B4CAB1E9574BA00917BBA /* PBXTargetDependency */,
			);
			name = SwiftTabBarControllerTutorialTests;
			productName = SwiftTabBarControllerTutorialTests;
			productReference = 383B4CA91E9574BA00917BBA /* SwiftTabBarControllerTutorialTests.xctest */;
			productType = "com.apple.product-type.bundle.unit-test";
		};
		383B4CB31E9574BA00917BBA /* SwiftTabBarControllerTutorialUITests */ = {
			isa = PBXNativeTarget;
			buildConfigurationList = 383B4CC31E9574BA00917BBA /* Build configuration list for PBXNativeTarget "SwiftTabBarControllerTutorialUITests" */;
			buildPhases = (
				FC3650ED893E55EFBC13FEA9 /* [CP] Check Pods Manifest.lock */,
				383B4CB01E9574BA00917BBA /* Sources */,
				383B4CB11E9574BA00917BBA /* Frameworks */,
				383B4CB21E9574BA00917BBA /* Resources */,
				9103ACA708E965E6518EA1A4 /* [CP] Embed Pods Frameworks */,
				6FD5647571120A00942872B8 /* [CP] Copy Pods Resources */,
			);
			buildRules = (
			);
			dependencies = (
				383B4CB61E9574BA00917BBA /* PBXTargetDependency */,
			);
			name = SwiftTabBarControllerTutorialUITests;
			productName = SwiftTabBarControllerTutorialUITests;
			productReference = 383B4CB41E9574BA00917BBA /* SwiftTabBarControllerTutorialUITests.xctest */;
			productType = "com.apple.product-type.bundle.ui-testing";
		};
/* End PBXNativeTarget section */

/* Begin PBXProject section */
		383B4C8D1E9574BA00917BBA /* Project object */ = {
			isa = PBXProject;
			attributes = {
				LastSwiftUpdateCheck = 0830;
				LastUpgradeCheck = 0830;
				ORGANIZATIONNAME = JMan500;
				TargetAttributes = {
					383B4C941E9574BA00917BBA = {
						CreatedOnToolsVersion = 8.3;
						DevelopmentTeam = RF4V39J8GD;
						ProvisioningStyle = Automatic;
					};
					383B4CA81E9574BA00917BBA = {
						CreatedOnToolsVersion = 8.3;
						DevelopmentTeam = RF4V39J8GD;
						ProvisioningStyle = Automatic;
						TestTargetID = 383B4C941E9574BA00917BBA;
					};
					383B4CB31E9574BA00917BBA = {
						CreatedOnToolsVersion = 8.3;
						DevelopmentTeam = RF4V39J8GD;
						ProvisioningStyle = Automatic;
						TestTargetID = 383B4C941E9574BA00917BBA;
					};
				};
			};
			buildConfigurationList = 383B4C901E9574BA00917BBA /* Build configuration list for PBXProject "SwiftTabBarControllerTutorial" */;
			compatibilityVersion = "Xcode 3.2";
			developmentRegion = English;
			hasScannedForEncodings = 0;
			knownRegions = (
				en,
				Base,
			);
			mainGroup = 383B4C8C1E9574BA00917BBA;
			productRefGroup = 383B4C961E9574BA00917BBA /* Products */;
			projectDirPath = "";
			projectRoot = "";
			targets = (
				383B4C941E9574BA00917BBA /* SwiftTabBarControllerTutorial */,
				383B4CA81E9574BA00917BBA /* SwiftTabBarControllerTutorialTests */,
				383B4CB31E9574BA00917BBA /* SwiftTabBarControllerTutorialUITests */,
			);
		};
/* End PBXProject section */

/* Begin PBXResourcesBuildPhase section */
		383B4C931E9574BA00917BBA /* Resources */ = {
			isa = PBXResourcesBuildPhase;
			buildActionMask = 2147483647;
			files = (
				383B4CA01E9574BA00917BBA /* Assets.xcassets in Resources */,
				388E7B171E9747C500792BCE /* Localizable.strings in Resources */,
			);
			runOnlyForDeploymentPostprocessing = 0;
		};
		383B4CA71E9574BA00917BBA /* Resources */ = {
			isa = PBXResourcesBuildPhase;
			buildActionMask = 2147483647;
			files = (
			);
			runOnlyForDeploymentPostprocessing = 0;
		};
		383B4CB21E9574BA00917BBA /* Resources */ = {
			isa = PBXResourcesBuildPhase;
			buildActionMask = 2147483647;
			files = (
			);
			runOnlyForDeploymentPostprocessing = 0;
		};
/* End PBXResourcesBuildPhase section */

/* Begin PBXShellScriptBuildPhase section */
		14F696A451A6B820A0F3D1DB /* [CP] Embed Pods Frameworks */ = {
			isa = PBXShellScriptBuildPhase;
			buildActionMask = 2147483647;
			files = (
			);
			inputPaths = (
			);
			name = "[CP] Embed Pods Frameworks";
			outputPaths = (
			);
			runOnlyForDeploymentPostprocessing = 0;
			shellPath = /bin/sh;
			shellScript = "\"${SRCROOT}/Pods/Target Support Files/Pods-SwiftTabBarControllerTutorial/Pods-SwiftTabBarControllerTutorial-frameworks.sh\"\n";
			showEnvVarsInLog = 0;
		};
		3F7EE8FF387F617A94776B41 /* [CP] Copy Pods Resources */ = {
			isa = PBXShellScriptBuildPhase;
			buildActionMask = 2147483647;
			files = (
			);
			inputPaths = (
			);
			name = "[CP] Copy Pods Resources";
			outputPaths = (
			);
			runOnlyForDeploymentPostprocessing = 0;
			shellPath = /bin/sh;
			shellScript = "\"${SRCROOT}/Pods/Target Support Files/Pods-SwiftTabBarControllerTutorialTests/Pods-SwiftTabBarControllerTutorialTests-resources.sh\"\n";
			showEnvVarsInLog = 0;
		};
		54FF961E726B757902FDEBBE /* [CP] Embed Pods Frameworks */ = {
			isa = PBXShellScriptBuildPhase;
			buildActionMask = 2147483647;
			files = (
			);
			inputPaths = (
			);
			name = "[CP] Embed Pods Frameworks";
			outputPaths = (
			);
			runOnlyForDeploymentPostprocessing = 0;
			shellPath = /bin/sh;
			shellScript = "\"${SRCROOT}/Pods/Target Support Files/Pods-SwiftTabBarControllerTutorialTests/Pods-SwiftTabBarControllerTutorialTests-frameworks.sh\"\n";
			showEnvVarsInLog = 0;
		};
		6FD5647571120A00942872B8 /* [CP] Copy Pods Resources */ = {
			isa = PBXShellScriptBuildPhase;
			buildActionMask = 2147483647;
			files = (
			);
			inputPaths = (
			);
			name = "[CP] Copy Pods Resources";
			outputPaths = (
			);
			runOnlyForDeploymentPostprocessing = 0;
			shellPath = /bin/sh;
			shellScript = "\"${SRCROOT}/Pods/Target Support Files/Pods-SwiftTabBarControllerTutorialUITests/Pods-SwiftTabBarControllerTutorialUITests-resources.sh\"\n";
			showEnvVarsInLog = 0;
		};
		9103ACA708E965E6518EA1A4 /* [CP] Embed Pods Frameworks */ = {
			isa = PBXShellScriptBuildPhase;
			buildActionMask = 2147483647;
			files = (
			);
			inputPaths = (
			);
			name = "[CP] Embed Pods Frameworks";
			outputPaths = (
			);
			runOnlyForDeploymentPostprocessing = 0;
			shellPath = /bin/sh;
			shellScript = "\"${SRCROOT}/Pods/Target Support Files/Pods-SwiftTabBarControllerTutorialUITests/Pods-SwiftTabBarControllerTutorialUITests-frameworks.sh\"\n";
			showEnvVarsInLog = 0;
		};
		A02ED27D6E97F8EDB1735512 /* [CP] Copy Pods Resources */ = {
			isa = PBXShellScriptBuildPhase;
			buildActionMask = 2147483647;
			files = (
			);
			inputPaths = (
			);
			name = "[CP] Copy Pods Resources";
			outputPaths = (
			);
			runOnlyForDeploymentPostprocessing = 0;
			shellPath = /bin/sh;
			shellScript = "\"${SRCROOT}/Pods/Target Support Files/Pods-SwiftTabBarControllerTutorial/Pods-SwiftTabBarControllerTutorial-resources.sh\"\n";
			showEnvVarsInLog = 0;
		};
		B9B0E1E36E1AC415D166F944 /* [CP] Check Pods Manifest.lock */ = {
			isa = PBXShellScriptBuildPhase;
			buildActionMask = 2147483647;
			files = (
			);
			inputPaths = (
			);
			name = "[CP] Check Pods Manifest.lock";
			outputPaths = (
			);
			runOnlyForDeploymentPostprocessing = 0;
			shellPath = /bin/sh;
			shellScript = "diff \"${PODS_ROOT}/../Podfile.lock\" \"${PODS_ROOT}/Manifest.lock\" > /dev/null\nif [ $? != 0 ] ; then\n    # print error to STDERR\n    echo \"error: The sandbox is not in sync with the Podfile.lock. Run 'pod install' or update your CocoaPods installation.\" >&2\n    exit 1\nfi\n";
			showEnvVarsInLog = 0;
		};
		E919B724062415FFB06AF5C9 /* [CP] Check Pods Manifest.lock */ = {
			isa = PBXShellScriptBuildPhase;
			buildActionMask = 2147483647;
			files = (
			);
			inputPaths = (
			);
			name = "[CP] Check Pods Manifest.lock";
			outputPaths = (
			);
			runOnlyForDeploymentPostprocessing = 0;
			shellPath = /bin/sh;
			shellScript = "diff \"${PODS_ROOT}/../Podfile.lock\" \"${PODS_ROOT}/Manifest.lock\" > /dev/null\nif [ $? != 0 ] ; then\n    # print error to STDERR\n    echo \"error: The sandbox is not in sync with the Podfile.lock. Run 'pod install' or update your CocoaPods installation.\" >&2\n    exit 1\nfi\n";
			showEnvVarsInLog = 0;
		};
		FC3650ED893E55EFBC13FEA9 /* [CP] Check Pods Manifest.lock */ = {
			isa = PBXShellScriptBuildPhase;
			buildActionMask = 2147483647;
			files = (
			);
			inputPaths = (
			);
			name = "[CP] Check Pods Manifest.lock";
			outputPaths = (
			);
			runOnlyForDeploymentPostprocessing = 0;
			shellPath = /bin/sh;
			shellScript = "diff \"${PODS_ROOT}/../Podfile.lock\" \"${PODS_ROOT}/Manifest.lock\" > /dev/null\nif [ $? != 0 ] ; then\n    # print error to STDERR\n    echo \"error: The sandbox is not in sync with the Podfile.lock. Run 'pod install' or update your CocoaPods installation.\" >&2\n    exit 1\nfi\n";
			showEnvVarsInLog = 0;
		};
/* End PBXShellScriptBuildPhase section */

/* Begin PBXSourcesBuildPhase section */
		383B4C911E9574BA00917BBA /* Sources */ = {
			isa = PBXSourcesBuildPhase;
			buildActionMask = 2147483647;
			files = (
				38F4A96C1E9DD439002B84B9 /* FirebaseUserMapper.swift in Sources */,
				38F4A9611E9DCCBB002B84B9 /* AuthenticationGateway.swift in Sources */,
				38F4A9641E9DCDB4002B84B9 /* Result.swift in Sources */,
				38B6CC171E9EA80C00A57B5B /* FirebaseAuthenticationGateway.swift in Sources */,
				38F4A9661E9DD0A6002B84B9 /* User.swift in Sources */,
				383B4C9B1E9574BA00917BBA /* HomeViewController.swift in Sources */,
				382B0B6E1E99D32000CE1BD7 /* AuthenticationError.swift in Sources */,
				383B4C991E9574BA00917BBA /* AppDelegate.swift in Sources */,
				382D515D1E9DE07300F5942C /* UserMapper.swift in Sources */,
			);
			runOnlyForDeploymentPostprocessing = 0;
		};
		383B4CA51E9574BA00917BBA /* Sources */ = {
			isa = PBXSourcesBuildPhase;
			buildActionMask = 2147483647;
			files = (
				383B4CAE1E9574BA00917BBA /* SwiftTabBarControllerTutorialTests.swift in Sources */,
			);
			runOnlyForDeploymentPostprocessing = 0;
		};
		383B4CB01E9574BA00917BBA /* Sources */ = {
			isa = PBXSourcesBuildPhase;
			buildActionMask = 2147483647;
			files = (
				383B4CB91E9574BA00917BBA /* SwiftTabBarControllerTutorialUITests.swift in Sources */,
			);
			runOnlyForDeploymentPostprocessing = 0;
		};
/* End PBXSourcesBuildPhase section */

/* Begin PBXTargetDependency section */
		383B4CAB1E9574BA00917BBA /* PBXTargetDependency */ = {
			isa = PBXTargetDependency;
			target = 383B4C941E9574BA00917BBA /* SwiftTabBarControllerTutorial */;
			targetProxy = 383B4CAA1E9574BA00917BBA /* PBXContainerItemProxy */;
		};
		383B4CB61E9574BA00917BBA /* PBXTargetDependency */ = {
			isa = PBXTargetDependency;
			target = 383B4C941E9574BA00917BBA /* SwiftTabBarControllerTutorial */;
			targetProxy = 383B4CB51E9574BA00917BBA /* PBXContainerItemProxy */;
		};
/* End PBXTargetDependency section */

/* Begin PBXVariantGroup section */
		388E7B191E9747C500792BCE /* Localizable.strings */ = {
			isa = PBXVariantGroup;
			children = (
				388E7B181E9747C500792BCE /* Base */,
			);
			name = Localizable.strings;
			sourceTree = "<group>";
		};
/* End PBXVariantGroup section */

/* Begin XCBuildConfiguration section */
		383B4CBB1E9574BA00917BBA /* Debug */ = {
			isa = XCBuildConfiguration;
			buildSettings = {
				ALWAYS_SEARCH_USER_PATHS = NO;
				CLANG_ANALYZER_NONNULL = YES;
				CLANG_ANALYZER_NUMBER_OBJECT_CONVERSION = YES_AGGRESSIVE;
				CLANG_CXX_LANGUAGE_STANDARD = "gnu++0x";
				CLANG_CXX_LIBRARY = "libc++";
				CLANG_ENABLE_MODULES = YES;
				CLANG_ENABLE_OBJC_ARC = YES;
				CLANG_WARN_BOOL_CONVERSION = YES;
				CLANG_WARN_CONSTANT_CONVERSION = YES;
				CLANG_WARN_DIRECT_OBJC_ISA_USAGE = YES_ERROR;
				CLANG_WARN_DOCUMENTATION_COMMENTS = YES;
				CLANG_WARN_EMPTY_BODY = YES;
				CLANG_WARN_ENUM_CONVERSION = YES;
				CLANG_WARN_INFINITE_RECURSION = YES;
				CLANG_WARN_INT_CONVERSION = YES;
				CLANG_WARN_OBJC_ROOT_CLASS = YES_ERROR;
				CLANG_WARN_SUSPICIOUS_MOVE = YES;
				CLANG_WARN_UNREACHABLE_CODE = YES;
				CLANG_WARN__DUPLICATE_METHOD_MATCH = YES;
				"CODE_SIGN_IDENTITY[sdk=iphoneos*]" = "iPhone Developer";
				COPY_PHASE_STRIP = NO;
				DEBUG_INFORMATION_FORMAT = dwarf;
				ENABLE_STRICT_OBJC_MSGSEND = YES;
				ENABLE_TESTABILITY = YES;
				GCC_C_LANGUAGE_STANDARD = gnu99;
				GCC_DYNAMIC_NO_PIC = NO;
				GCC_NO_COMMON_BLOCKS = YES;
				GCC_OPTIMIZATION_LEVEL = 0;
				GCC_PREPROCESSOR_DEFINITIONS = (
					"DEBUG=1",
					"$(inherited)",
				);
				GCC_WARN_64_TO_32_BIT_CONVERSION = YES;
				GCC_WARN_ABOUT_RETURN_TYPE = YES_ERROR;
				GCC_WARN_UNDECLARED_SELECTOR = YES;
				GCC_WARN_UNINITIALIZED_AUTOS = YES_AGGRESSIVE;
				GCC_WARN_UNUSED_FUNCTION = YES;
				GCC_WARN_UNUSED_VARIABLE = YES;
				IPHONEOS_DEPLOYMENT_TARGET = 10.3;
				MTL_ENABLE_DEBUG_INFO = YES;
				ONLY_ACTIVE_ARCH = YES;
				SDKROOT = iphoneos;
				SWIFT_ACTIVE_COMPILATION_CONDITIONS = DEBUG;
				SWIFT_OPTIMIZATION_LEVEL = "-Onone";
			};
			name = Debug;
		};
		383B4CBC1E9574BA00917BBA /* Release */ = {
			isa = XCBuildConfiguration;
			buildSettings = {
				ALWAYS_SEARCH_USER_PATHS = NO;
				CLANG_ANALYZER_NONNULL = YES;
				CLANG_ANALYZER_NUMBER_OBJECT_CONVERSION = YES_AGGRESSIVE;
				CLANG_CXX_LANGUAGE_STANDARD = "gnu++0x";
				CLANG_CXX_LIBRARY = "libc++";
				CLANG_ENABLE_MODULES = YES;
				CLANG_ENABLE_OBJC_ARC = YES;
				CLANG_WARN_BOOL_CONVERSION = YES;
				CLANG_WARN_CONSTANT_CONVERSION = YES;
				CLANG_WARN_DIRECT_OBJC_ISA_USAGE = YES_ERROR;
				CLANG_WARN_DOCUMENTATION_COMMENTS = YES;
				CLANG_WARN_EMPTY_BODY = YES;
				CLANG_WARN_ENUM_CONVERSION = YES;
				CLANG_WARN_INFINITE_RECURSION = YES;
				CLANG_WARN_INT_CONVERSION = YES;
				CLANG_WARN_OBJC_ROOT_CLASS = YES_ERROR;
				CLANG_WARN_SUSPICIOUS_MOVE = YES;
				CLANG_WARN_UNREACHABLE_CODE = YES;
				CLANG_WARN__DUPLICATE_METHOD_MATCH = YES;
				"CODE_SIGN_IDENTITY[sdk=iphoneos*]" = "iPhone Developer";
				COPY_PHASE_STRIP = NO;
				DEBUG_INFORMATION_FORMAT = "dwarf-with-dsym";
				ENABLE_NS_ASSERTIONS = NO;
				ENABLE_STRICT_OBJC_MSGSEND = YES;
				GCC_C_LANGUAGE_STANDARD = gnu99;
				GCC_NO_COMMON_BLOCKS = YES;
				GCC_WARN_64_TO_32_BIT_CONVERSION = YES;
				GCC_WARN_ABOUT_RETURN_TYPE = YES_ERROR;
				GCC_WARN_UNDECLARED_SELECTOR = YES;
				GCC_WARN_UNINITIALIZED_AUTOS = YES_AGGRESSIVE;
				GCC_WARN_UNUSED_FUNCTION = YES;
				GCC_WARN_UNUSED_VARIABLE = YES;
				IPHONEOS_DEPLOYMENT_TARGET = 10.3;
				MTL_ENABLE_DEBUG_INFO = NO;
				SDKROOT = iphoneos;
				SWIFT_OPTIMIZATION_LEVEL = "-Owholemodule";
				VALIDATE_PRODUCT = YES;
			};
			name = Release;
		};
		383B4CBE1E9574BA00917BBA /* Debug */ = {
			isa = XCBuildConfiguration;
			baseConfigurationReference = C804214668A2357C5EF7D4D0 /* Pods-SwiftTabBarControllerTutorial.debug.xcconfig */;
			buildSettings = {
				ASSETCATALOG_COMPILER_APPICON_NAME = AppIcon;
				DEVELOPMENT_TEAM = RF4V39J8GD;
				INFOPLIST_FILE = SwiftTabBarControllerTutorial/Info.plist;
				LD_RUNPATH_SEARCH_PATHS = "$(inherited) @executable_path/Frameworks";
				PRODUCT_BUNDLE_IDENTIFIER = com.JMan500.SwiftTabBarControllerTutorial;
				PRODUCT_NAME = "$(TARGET_NAME)";
				SWIFT_VERSION = 3.0;
			};
			name = Debug;
		};
		383B4CBF1E9574BA00917BBA /* Release */ = {
			isa = XCBuildConfiguration;
			baseConfigurationReference = 8AC8E3D9AF9EB10AA514F618 /* Pods-SwiftTabBarControllerTutorial.release.xcconfig */;
			buildSettings = {
				ASSETCATALOG_COMPILER_APPICON_NAME = AppIcon;
				DEVELOPMENT_TEAM = RF4V39J8GD;
				INFOPLIST_FILE = SwiftTabBarControllerTutorial/Info.plist;
				LD_RUNPATH_SEARCH_PATHS = "$(inherited) @executable_path/Frameworks";
				PRODUCT_BUNDLE_IDENTIFIER = com.JMan500.SwiftTabBarControllerTutorial;
				PRODUCT_NAME = "$(TARGET_NAME)";
				SWIFT_VERSION = 3.0;
			};
			name = Release;
		};
		383B4CC11E9574BA00917BBA /* Debug */ = {
			isa = XCBuildConfiguration;
			baseConfigurationReference = EC83511A278B816BA970CCFE /* Pods-SwiftTabBarControllerTutorialTests.debug.xcconfig */;
			buildSettings = {
				ALWAYS_EMBED_SWIFT_STANDARD_LIBRARIES = YES;
				BUNDLE_LOADER = "$(TEST_HOST)";
				DEVELOPMENT_TEAM = RF4V39J8GD;
				INFOPLIST_FILE = SwiftTabBarControllerTutorialTests/Info.plist;
				LD_RUNPATH_SEARCH_PATHS = "$(inherited) @executable_path/Frameworks @loader_path/Frameworks";
				PRODUCT_BUNDLE_IDENTIFIER = com.JMan500.SwiftTabBarControllerTutorialTests;
				PRODUCT_NAME = "$(TARGET_NAME)";
				SWIFT_VERSION = 3.0;
				TEST_HOST = "$(BUILT_PRODUCTS_DIR)/SwiftTabBarControllerTutorial.app/SwiftTabBarControllerTutorial";
			};
			name = Debug;
		};
		383B4CC21E9574BA00917BBA /* Release */ = {
			isa = XCBuildConfiguration;
			baseConfigurationReference = 5E9F15A5302FCDAB4757B4FA /* Pods-SwiftTabBarControllerTutorialTests.release.xcconfig */;
			buildSettings = {
				ALWAYS_EMBED_SWIFT_STANDARD_LIBRARIES = YES;
				BUNDLE_LOADER = "$(TEST_HOST)";
				DEVELOPMENT_TEAM = RF4V39J8GD;
				INFOPLIST_FILE = SwiftTabBarControllerTutorialTests/Info.plist;
				LD_RUNPATH_SEARCH_PATHS = "$(inherited) @executable_path/Frameworks @loader_path/Frameworks";
				PRODUCT_BUNDLE_IDENTIFIER = com.JMan500.SwiftTabBarControllerTutorialTests;
				PRODUCT_NAME = "$(TARGET_NAME)";
				SWIFT_VERSION = 3.0;
				TEST_HOST = "$(BUILT_PRODUCTS_DIR)/SwiftTabBarControllerTutorial.app/SwiftTabBarControllerTutorial";
			};
			name = Release;
		};
		383B4CC41E9574BA00917BBA /* Debug */ = {
			isa = XCBuildConfiguration;
			baseConfigurationReference = E9E413F6F214AEE10E5AEA7A /* Pods-SwiftTabBarControllerTutorialUITests.debug.xcconfig */;
			buildSettings = {
				ALWAYS_EMBED_SWIFT_STANDARD_LIBRARIES = YES;
				DEVELOPMENT_TEAM = RF4V39J8GD;
				INFOPLIST_FILE = SwiftTabBarControllerTutorialUITests/Info.plist;
				LD_RUNPATH_SEARCH_PATHS = "$(inherited) @executable_path/Frameworks @loader_path/Frameworks";
				PRODUCT_BUNDLE_IDENTIFIER = com.JMan500.SwiftTabBarControllerTutorialUITests;
				PRODUCT_NAME = "$(TARGET_NAME)";
				SWIFT_VERSION = 3.0;
				TEST_TARGET_NAME = SwiftTabBarControllerTutorial;
			};
			name = Debug;
		};
		383B4CC51E9574BA00917BBA /* Release */ = {
			isa = XCBuildConfiguration;
			baseConfigurationReference = A16EFBFA22293F331C86C974 /* Pods-SwiftTabBarControllerTutorialUITests.release.xcconfig */;
			buildSettings = {
				ALWAYS_EMBED_SWIFT_STANDARD_LIBRARIES = YES;
				DEVELOPMENT_TEAM = RF4V39J8GD;
				INFOPLIST_FILE = SwiftTabBarControllerTutorialUITests/Info.plist;
				LD_RUNPATH_SEARCH_PATHS = "$(inherited) @executable_path/Frameworks @loader_path/Frameworks";
				PRODUCT_BUNDLE_IDENTIFIER = com.JMan500.SwiftTabBarControllerTutorialUITests;
				PRODUCT_NAME = "$(TARGET_NAME)";
				SWIFT_VERSION = 3.0;
				TEST_TARGET_NAME = SwiftTabBarControllerTutorial;
			};
			name = Release;
		};
/* End XCBuildConfiguration section */

/* Begin XCConfigurationList section */
		383B4C901E9574BA00917BBA /* Build configuration list for PBXProject "SwiftTabBarControllerTutorial" */ = {
			isa = XCConfigurationList;
			buildConfigurations = (
				383B4CBB1E9574BA00917BBA /* Debug */,
				383B4CBC1E9574BA00917BBA /* Release */,
			);
			defaultConfigurationIsVisible = 0;
			defaultConfigurationName = Release;
		};
		383B4CBD1E9574BA00917BBA /* Build configuration list for PBXNativeTarget "SwiftTabBarControllerTutorial" */ = {
			isa = XCConfigurationList;
			buildConfigurations = (
				383B4CBE1E9574BA00917BBA /* Debug */,
				383B4CBF1E9574BA00917BBA /* Release */,
			);
			defaultConfigurationIsVisible = 0;
			defaultConfigurationName = Release;
		};
		383B4CC01E9574BA00917BBA /* Build configuration list for PBXNativeTarget "SwiftTabBarControllerTutorialTests" */ = {
			isa = XCConfigurationList;
			buildConfigurations = (
				383B4CC11E9574BA00917BBA /* Debug */,
				383B4CC21E9574BA00917BBA /* Release */,
			);
			defaultConfigurationIsVisible = 0;
			defaultConfigurationName = Release;
		};
		383B4CC31E9574BA00917BBA /* Build configuration list for PBXNativeTarget "SwiftTabBarControllerTutorialUITests" */ = {
			isa = XCConfigurationList;
			buildConfigurations = (
				383B4CC41E9574BA00917BBA /* Debug */,
				383B4CC51E9574BA00917BBA /* Release */,
			);
			defaultConfigurationIsVisible = 0;
			defaultConfigurationName = Release;
		};
/* End XCConfigurationList section */
	};
	rootObject = 383B4C8D1E9574BA00917BBA /* Project object */;
}
